
Microsoft Visual Studio Solution File, Format Version 12.00
# Visual Studio Version 17
VisualStudioVersion = 17.5.33530.505
MinimumVisualStudioVersion = 10.0.40219.1
Project("{2150E333-8FDC-42A3-9474-1A3956D46DE8}") = "Umbraco", "Umbraco", "{3FD0185E-BE2F-4BA0-8F1B-15043E08B6F7}"
EndProject
Project("{9A19103F-16F7-4668-BE54-9A1E7A4F7556}") = "Ekom.Payments.Core", "Core\Ekom.Payments.Core.csproj", "{B0D3CB55-D6A4-4CFC-A92D-EA48B0746097}"
EndProject
Project("{9A19103F-16F7-4668-BE54-9A1E7A4F7556}") = "Ekom.Payments.AspNetCore", "AspNetCore\Ekom.Payments.AspNetCore.csproj", "{4BC29197-3221-470E-BA3E-1758D4E870CA}"
EndProject
Project("{2150E333-8FDC-42A3-9474-1A3956D46DE8}") = "PaymentProviders", "PaymentProviders", "{2B11B5CF-D02F-4E45-8528-801F3F587010}"
EndProject
Project("{9A19103F-16F7-4668-BE54-9A1E7A4F7556}") = "Ekom.Payments.U10", "Umbraco\Ekom.Payments.U10\Ekom.Payments.U10.csproj", "{3266D2D0-16FC-4C52-8C1E-31706CA234B2}"
EndProject
Project("{9A19103F-16F7-4668-BE54-9A1E7A4F7556}") = "Ekom.Payments.AsynchronousExample", "PaymentProviders\Ekom.Payments.AsynchronousExample\Ekom.Payments.AsynchronousExample.csproj", "{EE518FD7-5FF0-4C56-97E6-799921609FD6}"
EndProject
Project("{9A19103F-16F7-4668-BE54-9A1E7A4F7556}") = "Ekom.Payments.Valitor", "PaymentProviders\Ekom.Payments.Valitor\Ekom.Payments.Valitor.csproj", "{148A7D06-9FCC-4087-8A54-DE2B0C7A92D7}"
EndProject
Project("{9A19103F-16F7-4668-BE54-9A1E7A4F7556}") = "Ekom.Payments.Netgiro", "PaymentProviders\Ekom.Payments.Netgiro\Ekom.Payments.Netgiro.csproj", "{9BE278FA-8BF0-45C1-9C6C-055F0DABB4F8}"
EndProject
Project("{9A19103F-16F7-4668-BE54-9A1E7A4F7556}") = "Ekom.Payments.Borgun", "PaymentProviders\Ekom.Payments.Borgun\Ekom.Payments.Borgun.csproj", "{90180259-A918-400F-8216-EF0FD6EE31A0}"
EndProject
Project("{2150E333-8FDC-42A3-9474-1A3956D46DE8}") = "Solution Items", "Solution Items", "{02094E60-5840-4FCC-9743-F4DEAAF78AEC}"
	ProjectSection(SolutionItems) = preProject
		.editorconfig = .editorconfig
		.gitignore = .gitignore
		azure-pipelines.yml = azure-pipelines.yml
		README.md = README.md
	EndProjectSection
EndProject
Project("{FAE04EC0-301F-11D3-BF4B-00C04F79EFBC}") = "Ekom.Payments.Straumur", "PaymentProviders\Ekom.Payments.Straumur\Ekom.Payments.Straumur.csproj", "{B2835696-DC8B-BB97-2E55-D9419344280E}"
EndProject
Project("{FAE04EC0-301F-11D3-BF4B-00C04F79EFBC}") = "Ekom.Payments.AltaPay", "PaymentProviders\Ekom.Payments.AltaPay\Ekom.Payments.AltaPay.csproj", "{E9D8085B-8424-A05F-810E-53257C18E345}"
EndProject
Global
	GlobalSection(SolutionConfigurationPlatforms) = preSolution
		Debug|Any CPU = Debug|Any CPU
		Release|Any CPU = Release|Any CPU
	EndGlobalSection
	GlobalSection(ProjectConfigurationPlatforms) = postSolution
		{B0D3CB55-D6A4-4CFC-A92D-EA48B0746097}.Debug|Any CPU.ActiveCfg = Debug|Any CPU
		{B0D3CB55-D6A4-4CFC-A92D-EA48B0746097}.Debug|Any CPU.Build.0 = Debug|Any CPU
		{B0D3CB55-D6A4-4CFC-A92D-EA48B0746097}.Release|Any CPU.ActiveCfg = Release|Any CPU
		{B0D3CB55-D6A4-4CFC-A92D-EA48B0746097}.Release|Any CPU.Build.0 = Release|Any CPU
		{4BC29197-3221-470E-BA3E-1758D4E870CA}.Debug|Any CPU.ActiveCfg = Debug|Any CPU
		{4BC29197-3221-470E-BA3E-1758D4E870CA}.Debug|Any CPU.Build.0 = Debug|Any CPU
		{4BC29197-3221-470E-BA3E-1758D4E870CA}.Release|Any CPU.ActiveCfg = Release|Any CPU
		{4BC29197-3221-470E-BA3E-1758D4E870CA}.Release|Any CPU.Build.0 = Release|Any CPU
		{3266D2D0-16FC-4C52-8C1E-31706CA234B2}.Debug|Any CPU.ActiveCfg = Debug|Any CPU
		{3266D2D0-16FC-4C52-8C1E-31706CA234B2}.Debug|Any CPU.Build.0 = Debug|Any CPU
		{3266D2D0-16FC-4C52-8C1E-31706CA234B2}.Release|Any CPU.ActiveCfg = Release|Any CPU
		{3266D2D0-16FC-4C52-8C1E-31706CA234B2}.Release|Any CPU.Build.0 = Release|Any CPU
		{EE518FD7-5FF0-4C56-97E6-799921609FD6}.Debug|Any CPU.ActiveCfg = Debug|Any CPU
		{EE518FD7-5FF0-4C56-97E6-799921609FD6}.Debug|Any CPU.Build.0 = Debug|Any CPU
		{EE518FD7-5FF0-4C56-97E6-799921609FD6}.Release|Any CPU.ActiveCfg = Release|Any CPU
		{EE518FD7-5FF0-4C56-97E6-799921609FD6}.Release|Any CPU.Build.0 = Release|Any CPU
		{148A7D06-9FCC-4087-8A54-DE2B0C7A92D7}.Debug|Any CPU.ActiveCfg = Debug|Any CPU
		{148A7D06-9FCC-4087-8A54-DE2B0C7A92D7}.Debug|Any CPU.Build.0 = Debug|Any CPU
		{148A7D06-9FCC-4087-8A54-DE2B0C7A92D7}.Release|Any CPU.ActiveCfg = Release|Any CPU
		{148A7D06-9FCC-4087-8A54-DE2B0C7A92D7}.Release|Any CPU.Build.0 = Release|Any CPU
		{9BE278FA-8BF0-45C1-9C6C-055F0DABB4F8}.Debug|Any CPU.ActiveCfg = Debug|Any CPU
		{9BE278FA-8BF0-45C1-9C6C-055F0DABB4F8}.Debug|Any CPU.Build.0 = Debug|Any CPU
		{9BE278FA-8BF0-45C1-9C6C-055F0DABB4F8}.Release|Any CPU.ActiveCfg = Release|Any CPU
		{9BE278FA-8BF0-45C1-9C6C-055F0DABB4F8}.Release|Any CPU.Build.0 = Release|Any CPU
		{90180259-A918-400F-8216-EF0FD6EE31A0}.Debug|Any CPU.ActiveCfg = Debug|Any CPU
		{90180259-A918-400F-8216-EF0FD6EE31A0}.Debug|Any CPU.Build.0 = Debug|Any CPU
		{90180259-A918-400F-8216-EF0FD6EE31A0}.Release|Any CPU.ActiveCfg = Release|Any CPU
		{90180259-A918-400F-8216-EF0FD6EE31A0}.Release|Any CPU.Build.0 = Release|Any CPU
		{B2835696-DC8B-BB97-2E55-D9419344280E}.Debug|Any CPU.ActiveCfg = Debug|Any CPU
		{B2835696-DC8B-BB97-2E55-D9419344280E}.Debug|Any CPU.Build.0 = Debug|Any CPU
		{B2835696-DC8B-BB97-2E55-D9419344280E}.Release|Any CPU.ActiveCfg = Release|Any CPU
		{B2835696-DC8B-BB97-2E55-D9419344280E}.Release|Any CPU.Build.0 = Release|Any CPU
		{E9D8085B-8424-A05F-810E-53257C18E345}.Debug|Any CPU.ActiveCfg = Debug|Any CPU
		{E9D8085B-8424-A05F-810E-53257C18E345}.Debug|Any CPU.Build.0 = Debug|Any CPU
		{E9D8085B-8424-A05F-810E-53257C18E345}.Release|Any CPU.ActiveCfg = Release|Any CPU
		{E9D8085B-8424-A05F-810E-53257C18E345}.Release|Any CPU.Build.0 = Release|Any CPU
	EndGlobalSection
	GlobalSection(SolutionProperties) = preSolution
		HideSolutionNode = FALSE
	EndGlobalSection
	GlobalSection(NestedProjects) = preSolution
		{3266D2D0-16FC-4C52-8C1E-31706CA234B2} = {3FD0185E-BE2F-4BA0-8F1B-15043E08B6F7}
		{EE518FD7-5FF0-4C56-97E6-799921609FD6} = {2B11B5CF-D02F-4E45-8528-801F3F587010}
		{148A7D06-9FCC-4087-8A54-DE2B0C7A92D7} = {2B11B5CF-D02F-4E45-8528-801F3F587010}
		{9BE278FA-8BF0-45C1-9C6C-055F0DABB4F8} = {2B11B5CF-D02F-4E45-8528-801F3F587010}
		{90180259-A918-400F-8216-EF0FD6EE31A0} = {2B11B5CF-D02F-4E45-8528-801F3F587010}
		{B2835696-DC8B-BB97-2E55-D9419344280E} = {2B11B5CF-D02F-4E45-8528-801F3F587010}
		{E9D8085B-8424-A05F-810E-53257C18E345} = {2B11B5CF-D02F-4E45-8528-801F3F587010}
	EndGlobalSection
	GlobalSection(ExtensibilityGlobals) = postSolution
		SolutionGuid = {39690F49-F3CA-44D3-8831-7E12F4C490BB}
	EndGlobalSection
EndGlobal
